
Microsoft Visual Studio Solution File, Format Version 12.00
# Visual Studio Version 16
VisualStudioVersion = 16.0.29613.14
MinimumVisualStudioVersion = 10.0.40219.1
Project("{9A19103F-16F7-4668-BE54-9A1E7A4F7556}") = "ModelDesign", "ModelDesign\ModelDesign.csproj", "{C77DB281-6E96-4681-990C-167E55C0B647}"
EndProject
Project("{9A19103F-16F7-4668-BE54-9A1E7A4F7556}") = "ModelDesign.Service", "ModelDesign.Service\ModelDesign.Service.csproj", "{3AD91ED7-8190-4C04-AB9C-51E9F815A575}"
EndProject
Project("{9A19103F-16F7-4668-BE54-9A1E7A4F7556}") = "ModelDesign.Test", "ModelDesign.Test\ModelDesign.Test.csproj", "{B058CC80-2BD1-41BA-8FB6-FF7992C5CF1F}"
EndProject
Global
	GlobalSection(SolutionConfigurationPlatforms) = preSolution
		Debug|Any CPU = Debug|Any CPU
		Release|Any CPU = Release|Any CPU
	EndGlobalSection
	GlobalSection(ProjectConfigurationPlatforms) = postSolution
		{C77DB281-6E96-4681-990C-167E55C0B647}.Debug|Any CPU.ActiveCfg = Debug|Any CPU
		{C77DB281-6E96-4681-990C-167E55C0B647}.Debug|Any CPU.Build.0 = Debug|Any CPU
		{C77DB281-6E96-4681-990C-167E55C0B647}.Release|Any CPU.ActiveCfg = Release|Any CPU
		{C77DB281-6E96-4681-990C-167E55C0B647}.Release|Any CPU.Build.0 = Release|Any CPU
		{3AD91ED7-8190-4C04-AB9C-51E9F815A575}.Debug|Any CPU.ActiveCfg = Debug|Any CPU
		{3AD91ED7-8190-4C04-AB9C-51E9F815A575}.Debug|Any CPU.Build.0 = Debug|Any CPU
		{3AD91ED7-8190-4C04-AB9C-51E9F815A575}.Release|Any CPU.ActiveCfg = Release|Any CPU
		{3AD91ED7-8190-4C04-AB9C-51E9F815A575}.Release|Any CPU.Build.0 = Release|Any CPU
		{B058CC80-2BD1-41BA-8FB6-FF7992C5CF1F}.Debug|Any CPU.ActiveCfg = Debug|Any CPU
		{B058CC80-2BD1-41BA-8FB6-FF7992C5CF1F}.Debug|Any CPU.Build.0 = Debug|Any CPU
		{B058CC80-2BD1-41BA-8FB6-FF7992C5CF1F}.Release|Any CPU.ActiveCfg = Release|Any CPU
		{B058CC80-2BD1-41BA-8FB6-FF7992C5CF1F}.Release|Any CPU.Build.0 = Release|Any CPU
	EndGlobalSection
	GlobalSection(SolutionProperties) = preSolution
		HideSolutionNode = FALSE
	EndGlobalSection
	GlobalSection(ExtensibilityGlobals) = postSolution
		SolutionGuid = {5F3D63DC-32C3-4C97-A0B6-5606F94D5BCE}
	EndGlobalSection
EndGlobal
